// !$*UTF8*$!
{
	archiveVersion = 1;
	classes = {
	};
	objectVersion = 46;
	objects = {

/* Begin PBXBuildFile section */
		0ADA04AD170AAF5500DD5E99 /* UIKit.framework in Frameworks */ = {isa = PBXBuildFile; fileRef = 0ADA04AC170AAF5500DD5E99 /* UIKit.framework */; };
		0ADA04AF170AAF5500DD5E99 /* Foundation.framework in Frameworks */ = {isa = PBXBuildFile; fileRef = 0ADA04AE170AAF5500DD5E99 /* Foundation.framework */; };
		0ADA04B1170AAF5500DD5E99 /* CoreGraphics.framework in Frameworks */ = {isa = PBXBuildFile; fileRef = 0ADA04B0170AAF5500DD5E99 /* CoreGraphics.framework */; };
		0ADA04B7170AAF5600DD5E99 /* InfoPlist.strings in Resources */ = {isa = PBXBuildFile; fileRef = 0ADA04B5170AAF5600DD5E99 /* InfoPlist.strings */; };
		0ADA04B9170AAF5600DD5E99 /* main.m in Sources */ = {isa = PBXBuildFile; fileRef = 0ADA04B8170AAF5600DD5E99 /* main.m */; };
		0ADA04BD170AAF5600DD5E99 /* AppDelegate.m in Sources */ = {isa = PBXBuildFile; fileRef = 0ADA04BC170AAF5600DD5E99 /* AppDelegate.m */; };
		0ADA04BF170AAF5600DD5E99 /* Default.png in Resources */ = {isa = PBXBuildFile; fileRef = 0ADA04BE170AAF5600DD5E99 /* Default.png */; };
		0ADA04C1170AAF5600DD5E99 /* Default@2x.png in Resources */ = {isa = PBXBuildFile; fileRef = 0ADA04C0170AAF5600DD5E99 /* Default@2x.png */; };
		0ADA04C3170AAF5600DD5E99 /* Default-568h@2x.png in Resources */ = {isa = PBXBuildFile; fileRef = 0ADA04C2170AAF5600DD5E99 /* Default-568h@2x.png */; };
		0ADA04CB170AAF5600DD5E99 /* SenTestingKit.framework in Frameworks */ = {isa = PBXBuildFile; fileRef = 0ADA04CA170AAF5600DD5E99 /* SenTestingKit.framework */; };
		0ADA04CC170AAF5600DD5E99 /* UIKit.framework in Frameworks */ = {isa = PBXBuildFile; fileRef = 0ADA04AC170AAF5500DD5E99 /* UIKit.framework */; };
		0ADA04CD170AAF5600DD5E99 /* Foundation.framework in Frameworks */ = {isa = PBXBuildFile; fileRef = 0ADA04AE170AAF5500DD5E99 /* Foundation.framework */; };
		0ADA04D5170AAF5600DD5E99 /* InfoPlist.strings in Resources */ = {isa = PBXBuildFile; fileRef = 0ADA04D3170AAF5600DD5E99 /* InfoPlist.strings */; };
		0ADA04D8170AAF5600DD5E99 /* FlashLightTests.m in Sources */ = {isa = PBXBuildFile; fileRef = 0ADA04D7170AAF5600DD5E99 /* FlashLightTests.m */; };
/* End PBXBuildFile section */

/* Begin PBXContainerItemProxy section */
		0ADA04CE170AAF5600DD5E99 /* PBXContainerItemProxy */ = {
			isa = PBXContainerItemProxy;
			containerPortal = 0ADA049F170AAF5500DD5E99 /* Project object */;
			proxyType = 1;
			remoteGlobalIDString = 0ADA04A7170AAF5500DD5E99;
			remoteInfo = FlashLight;
		};
/* End PBXContainerItemProxy section */

/* Begin PBXFileReference section */
		0ADA04A8170AAF5500DD5E99 /* FlashLight.app */ = {isa = PBXFileReference; explicitFileType = wrapper.application; includeInIndex = 0; path = FlashLight.app; sourceTree = BUILT_PRODUCTS_DIR; };
		0ADA04AC170AAF5500DD5E99 /* UIKit.framework */ = {isa = PBXFileReference; lastKnownFileType = wrapper.framework; name = UIKit.framework; path = System/Library/Frameworks/UIKit.framework; sourceTree = SDKROOT; };
		0ADA04AE170AAF5500DD5E99 /* Foundation.framework */ = {isa = PBXFileReference; lastKnownFileType = wrapper.framework; name = Foundation.framework; path = System/Library/Frameworks/Foundation.framework; sourceTree = SDKROOT; };
		0ADA04B0170AAF5500DD5E99 /* CoreGraphics.framework */ = {isa = PBXFileReference; lastKnownFileType = wrapper.framework; name = CoreGraphics.framework; path = System/Library/Frameworks/CoreGraphics.framework; sourceTree = SDKROOT; };
		0ADA04B4170AAF5500DD5E99 /* FlashLight-Info.plist */ = {isa = PBXFileReference; lastKnownFileType = text.plist.xml; path = "FlashLight-Info.plist"; sourceTree = "<group>"; };
		0ADA04B6170AAF5600DD5E99 /* en */ = {isa = PBXFileReference; lastKnownFileType = text.plist.strings; name = en; path = en.lproj/InfoPlist.strings; sourceTree = "<group>"; };
		0ADA04B8170AAF5600DD5E99 /* main.m */ = {isa = PBXFileReference; lastKnownFileType = sourcecode.c.objc; path = main.m; sourceTree = "<group>"; };
		0ADA04BA170AAF5600DD5E99 /* FlashLight-Prefix.pch */ = {isa = PBXFileReference; lastKnownFileType = sourcecode.c.h; path = "FlashLight-Prefix.pch"; sourceTree = "<group>"; };
		0ADA04BB170AAF5600DD5E99 /* AppDelegate.h */ = {isa = PBXFileReference; lastKnownFileType = sourcecode.c.h; path = AppDelegate.h; sourceTree = "<group>"; };
		0ADA04BC170AAF5600DD5E99 /* AppDelegate.m */ = {isa = PBXFileReference; lastKnownFileType = sourcecode.c.objc; path = AppDelegate.m; sourceTree = "<group>"; };
		0ADA04BE170AAF5600DD5E99 /* Default.png */ = {isa = PBXFileReference; lastKnownFileType = image.png; path = Default.png; sourceTree = "<group>"; };
		0ADA04C0170AAF5600DD5E99 /* Default@2x.png */ = {isa = PBXFileReference; lastKnownFileType = image.png; path = "Default@2x.png"; sourceTree = "<group>"; };
		0ADA04C2170AAF5600DD5E99 /* Default-568h@2x.png */ = {isa = PBXFileReference; lastKnownFileType = image.png; path = "Default-568h@2x.png"; sourceTree = "<group>"; };
		0ADA04C9170AAF5600DD5E99 /* FlashLightTests.octest */ = {isa = PBXFileReference; explicitFileType = wrapper.cfbundle; includeInIndex = 0; path = FlashLightTests.octest; sourceTree = BUILT_PRODUCTS_DIR; };
		0ADA04CA170AAF5600DD5E99 /* SenTestingKit.framework */ = {isa = PBXFileReference; lastKnownFileType = wrapper.framework; name = SenTestingKit.framework; path = Library/Frameworks/SenTestingKit.framework; sourceTree = DEVELOPER_DIR; };
		0ADA04D2170AAF5600DD5E99 /* FlashLightTests-Info.plist */ = {isa = PBXFileReference; lastKnownFileType = text.plist.xml; path = "FlashLightTests-Info.plist"; sourceTree = "<group>"; };
		0ADA04D4170AAF5600DD5E99 /* en */ = {isa = PBXFileReference; lastKnownFileType = text.plist.strings; name = en; path = en.lproj/InfoPlist.strings; sourceTree = "<group>"; };
		0ADA04D6170AAF5600DD5E99 /* FlashLightTests.h */ = {isa = PBXFileReference; lastKnownFileType = sourcecode.c.h; path = FlashLightTests.h; sourceTree = "<group>"; };
		0ADA04D7170AAF5600DD5E99 /* FlashLightTests.m */ = {isa = PBXFileReference; lastKnownFileType = sourcecode.c.objc; path = FlashLightTests.m; sourceTree = "<group>"; };
/* End PBXFileReference section */

/* Begin PBXFrameworksBuildPhase section */
		0ADA04A5170AAF5500DD5E99 /* Frameworks */ = {
			isa = PBXFrameworksBuildPhase;
			buildActionMask = 2147483647;
			files = (
				0ADA04AD170AAF5500DD5E99 /* UIKit.framework in Frameworks */,
				0ADA04AF170AAF5500DD5E99 /* Foundation.framework in Frameworks */,
				0ADA04B1170AAF5500DD5E99 /* CoreGraphics.framework in Frameworks */,
			);
			runOnlyForDeploymentPostprocessing = 0;
		};
		0ADA04C5170AAF5600DD5E99 /* Frameworks */ = {
			isa = PBXFrameworksBuildPhase;
			buildActionMask = 2147483647;
			files = (
				0ADA04CB170AAF5600DD5E99 /* SenTestingKit.framework in Frameworks */,
				0ADA04CC170AAF5600DD5E99 /* UIKit.framework in Frameworks */,
				0ADA04CD170AAF5600DD5E99 /* Foundation.framework in Frameworks */,
			);
			runOnlyForDeploymentPostprocessing = 0;
		};
/* End PBXFrameworksBuildPhase section */

/* Begin PBXGroup section */
		0ADA049D170AAF5500DD5E99 = {
			isa = PBXGroup;
			children = (
				0ADA04B2170AAF5500DD5E99 /* FlashLight */,
				0ADA04D0170AAF5600DD5E99 /* FlashLightTests */,
				0ADA04AB170AAF5500DD5E99 /* Frameworks */,
				0ADA04A9170AAF5500DD5E99 /* Products */,
			);
			sourceTree = "<group>";
		};
		0ADA04A9170AAF5500DD5E99 /* Products */ = {
			isa = PBXGroup;
			children = (
				0ADA04A8170AAF5500DD5E99 /* FlashLight.app */,
				0ADA04C9170AAF5600DD5E99 /* FlashLightTests.octest */,
			);
			name = Products;
			sourceTree = "<group>";
		};
		0ADA04AB170AAF5500DD5E99 /* Frameworks */ = {
			isa = PBXGroup;
			children = (
				0ADA04AC170AAF5500DD5E99 /* UIKit.framework */,
				0ADA04AE170AAF5500DD5E99 /* Foundation.framework */,
				0ADA04B0170AAF5500DD5E99 /* CoreGraphics.framework */,
				0ADA04CA170AAF5600DD5E99 /* SenTestingKit.framework */,
			);
			name = Frameworks;
			sourceTree = "<group>";
		};
		0ADA04B2170AAF5500DD5E99 /* FlashLight */ = {
			isa = PBXGroup;
			children = (
				0ADA04BB170AAF5600DD5E99 /* AppDelegate.h */,
				0ADA04BC170AAF5600DD5E99 /* AppDelegate.m */,
				0ADA04B3170AAF5500DD5E99 /* Supporting Files */,
			);
			path = FlashLight;
			sourceTree = "<group>";
		};
		0ADA04B3170AAF5500DD5E99 /* Supporting Files */ = {
			isa = PBXGroup;
			children = (
				0ADA04B4170AAF5500DD5E99 /* FlashLight-Info.plist */,
				0ADA04B5170AAF5600DD5E99 /* InfoPlist.strings */,
				0ADA04B8170AAF5600DD5E99 /* main.m */,
				0ADA04BA170AAF5600DD5E99 /* FlashLight-Prefix.pch */,
				0ADA04BE170AAF5600DD5E99 /* Default.png */,
				0ADA04C0170AAF5600DD5E99 /* Default@2x.png */,
				0ADA04C2170AAF5600DD5E99 /* Default-568h@2x.png */,
			);
			name = "Supporting Files";
			sourceTree = "<group>";
		};
		0ADA04D0170AAF5600DD5E99 /* FlashLightTests */ = {
			isa = PBXGroup;
			children = (
				0ADA04D6170AAF5600DD5E99 /* FlashLightTests.h */,
				0ADA04D7170AAF5600DD5E99 /* FlashLightTests.m */,
				0ADA04D1170AAF5600DD5E99 /* Supporting Files */,
			);
			path = FlashLightTests;
			sourceTree = "<group>";
		};
		0ADA04D1170AAF5600DD5E99 /* Supporting Files */ = {
			isa = PBXGroup;
			children = (
				0ADA04D2170AAF5600DD5E99 /* FlashLightTests-Info.plist */,
				0ADA04D3170AAF5600DD5E99 /* InfoPlist.strings */,
			);
			name = "Supporting Files";
			sourceTree = "<group>";
		};
/* End PBXGroup section */

/* Begin PBXNativeTarget section */
		0ADA04A7170AAF5500DD5E99 /* FlashLight */ = {
			isa = PBXNativeTarget;
			buildConfigurationList = 0ADA04DB170AAF5600DD5E99 /* Build configuration list for PBXNativeTarget "FlashLight" */;
			buildPhases = (
				0ADA04A4170AAF5500DD5E99 /* Sources */,
				0ADA04A5170AAF5500DD5E99 /* Frameworks */,
				0ADA04A6170AAF5500DD5E99 /* Resources */,
			);
			buildRules = (
			);
			dependencies = (
			);
			name = FlashLight;
			productName = FlashLight;
			productReference = 0ADA04A8170AAF5500DD5E99 /* FlashLight.app */;
			productType = "com.apple.product-type.application";
		};
		0ADA04C8170AAF5600DD5E99 /* FlashLightTests */ = {
			isa = PBXNativeTarget;
			buildConfigurationList = 0ADA04DE170AAF5600DD5E99 /* Build configuration list for PBXNativeTarget "FlashLightTests" */;
			buildPhases = (
				0ADA04C4170AAF5600DD5E99 /* Sources */,
				0ADA04C5170AAF5600DD5E99 /* Frameworks */,
				0ADA04C6170AAF5600DD5E99 /* Resources */,
				0ADA04C7170AAF5600DD5E99 /* ShellScript */,
			);
			buildRules = (
			);
			dependencies = (
				0ADA04CF170AAF5600DD5E99 /* PBXTargetDependency */,
			);
			name = FlashLightTests;
			productName = FlashLightTests;
			productReference = 0ADA04C9170AAF5600DD5E99 /* FlashLightTests.octest */;
			productType = "com.apple.product-type.bundle";
		};
/* End PBXNativeTarget section */

/* Begin PBXProject section */
		0ADA049F170AAF5500DD5E99 /* Project object */ = {
			isa = PBXProject;
			attributes = {
				LastUpgradeCheck = 0450;
				ORGANIZATIONNAME = Mars;
			};
			buildConfigurationList = 0ADA04A2170AAF5500DD5E99 /* Build configuration list for PBXProject "FlashLight" */;
			compatibilityVersion = "Xcode 3.2";
			developmentRegion = English;
			hasScannedForEncodings = 0;
			knownRegions = (
				en,
			);
			mainGroup = 0ADA049D170AAF5500DD5E99;
			productRefGroup = 0ADA04A9170AAF5500DD5E99 /* Products */;
			projectDirPath = "";
			projectRoot = "";
			targets = (
				0ADA04A7170AAF5500DD5E99 /* FlashLight */,
				0ADA04C8170AAF5600DD5E99 /* FlashLightTests */,
			);
		};
/* End PBXProject section */

/* Begin PBXResourcesBuildPhase section */
		0ADA04A6170AAF5500DD5E99 /* Resources */ = {
			isa = PBXResourcesBuildPhase;
			buildActionMask = 2147483647;
			files = (
				0ADA04B7170AAF5600DD5E99 /* InfoPlist.strings in Resources */,
				0ADA04BF170AAF5600DD5E99 /* Default.png in Resources */,
				0ADA04C1170AAF5600DD5E99 /* Default@2x.png in Resources */,
				0ADA04C3170AAF5600DD5E99 /* Default-568h@2x.png in Resources */,
			);
			runOnlyForDeploymentPostprocessing = 0;
		};
		0ADA04C6170AAF5600DD5E99 /* Resources */ = {
			isa = PBXResourcesBuildPhase;
			buildActionMask = 2147483647;
			files = (
				0ADA04D5170AAF5600DD5E99 /* InfoPlist.strings in Resources */,
			);
			runOnlyForDeploymentPostprocessing = 0;
		};
/* End PBXResourcesBuildPhase section */

/* Begin PBXShellScriptBuildPhase section */
		0ADA04C7170AAF5600DD5E99 /* ShellScript */ = {
			isa = PBXShellScriptBuildPhase;
			buildActionMask = 2147483647;
			files = (
			);
			inputPaths = (
			);
			outputPaths = (
			);
			runOnlyForDeploymentPostprocessing = 0;
			shellPath = /bin/sh;
			shellScript = "# Run the unit tests in this test bundle.\n\"${SYSTEM_DEVELOPER_DIR}/Tools/RunUnitTests\"\n";
		};
/* End PBXShellScriptBuildPhase section */

/* Begin PBXSourcesBuildPhase section */
		0ADA04A4170AAF5500DD5E99 /* Sources */ = {
			isa = PBXSourcesBuildPhase;
			buildActionMask = 2147483647;
			files = (
				0ADA04B9170AAF5600DD5E99 /* main.m in Sources */,
				0ADA04BD170AAF5600DD5E99 /* AppDelegate.m in Sources */,
			);
			runOnlyForDeploymentPostprocessing = 0;
		};
		0ADA04C4170AAF5600DD5E99 /* Sources */ = {
			isa = PBXSourcesBuildPhase;
			buildActionMask = 2147483647;
			files = (
				0ADA04D8170AAF5600DD5E99 /* FlashLightTests.m in Sources */,
			);
			runOnlyForDeploymentPostprocessing = 0;
		};
/* End PBXSourcesBuildPhase section */

/* Begin PBXTargetDependency section */
		0ADA04CF170AAF5600DD5E99 /* PBXTargetDependency */ = {
			isa = PBXTargetDependency;
			target = 0ADA04A7170AAF5500DD5E99 /* FlashLight */;
			targetProxy = 0ADA04CE170AAF5600DD5E99 /* PBXContainerItemProxy */;
		};
/* End PBXTargetDependency section */

/* Begin PBXVariantGroup section */
		0ADA04B5170AAF5600DD5E99 /* InfoPlist.strings */ = {
			isa = PBXVariantGroup;
			children = (
				0ADA04B6170AAF5600DD5E99 /* en */,
			);
			name = InfoPlist.strings;
			sourceTree = "<group>";
		};
		0ADA04D3170AAF5600DD5E99 /* InfoPlist.strings */ = {
			isa = PBXVariantGroup;
			children = (
				0ADA04D4170AAF5600DD5E99 /* en */,
			);
			name = InfoPlist.strings;
			sourceTree = "<group>";
		};
/* End PBXVariantGroup section */

/* Begin XCBuildConfiguration section */
		0ADA04D9170AAF5600DD5E99 /* Debug */ = {
			isa = XCBuildConfiguration;
			buildSettings = {
				ALWAYS_SEARCH_USER_PATHS = NO;
				CLANG_CXX_LANGUAGE_STANDARD = "gnu++0x";
				CLANG_CXX_LIBRARY = "libc++";
				CLANG_WARN_EMPTY_BODY = YES;
				CLANG_WARN__DUPLICATE_METHOD_MATCH = YES;
				"CODE_SIGN_IDENTITY[sdk=iphoneos*]" = "iPhone Developer";
				COPY_PHASE_STRIP = NO;
				GCC_C_LANGUAGE_STANDARD = gnu99;
				GCC_DYNAMIC_NO_PIC = NO;
				GCC_OPTIMIZATION_LEVEL = 0;
				GCC_PREPROCESSOR_DEFINITIONS = (
					"DEBUG=1",
					"$(inherited)",
				);
				GCC_SYMBOLS_PRIVATE_EXTERN = NO;
				GCC_WARN_ABOUT_RETURN_TYPE = YES;
				GCC_WARN_UNINITIALIZED_AUTOS = YES;
				GCC_WARN_UNUSED_VARIABLE = YES;
				IPHONEOS_DEPLOYMENT_TARGET = 6.0;
				ONLY_ACTIVE_ARCH = YES;
				SDKROOT = iphoneos;
			};
			name = Debug;
		};
		0ADA04DA170AAF5600DD5E99 /* Release */ = {
			isa = XCBuildConfiguration;
			buildSettings = {
				ALWAYS_SEARCH_USER_PATHS = NO;
				CLANG_CXX_LANGUAGE_STANDARD = "gnu++0x";
				CLANG_CXX_LIBRARY = "libc++";
				CLANG_WARN_EMPTY_BODY = YES;
				CLANG_WARN__DUPLICATE_METHOD_MATCH = YES;
				"CODE_SIGN_IDENTITY[sdk=iphoneos*]" = "iPhone Developer";
				COPY_PHASE_STRIP = YES;
				GCC_C_LANGUAGE_STANDARD = gnu99;
				GCC_WARN_ABOUT_RETURN_TYPE = YES;
				GCC_WARN_UNINITIALIZED_AUTOS = YES;
				GCC_WARN_UNUSED_VARIABLE = YES;
				IPHONEOS_DEPLOYMENT_TARGET = 6.0;
				OTHER_CFLAGS = "-DNS_BLOCK_ASSERTIONS=1";
				SDKROOT = iphoneos;
				VALIDATE_PRODUCT = YES;
			};
			name = Release;
		};
		0ADA04DC170AAF5600DD5E99 /* Debug */ = {
			isa = XCBuildConfiguration;
			buildSettings = {
				GCC_PRECOMPILE_PREFIX_HEADER = YES;
				GCC_PREFIX_HEADER = "FlashLight/FlashLight-Prefix.pch";
				INFOPLIST_FILE = "FlashLight/FlashLight-Info.plist";
				PRODUCT_NAME = "$(TARGET_NAME)";
				WRAPPER_EXTENSION = app;
			};
			name = Debug;
		};
		0ADA04DD170AAF5600DD5E99 /* Release */ = {
			isa = XCBuildConfiguration;
			buildSettings = {
				GCC_PRECOMPILE_PREFIX_HEADER = YES;
				GCC_PREFIX_HEADER = "FlashLight/FlashLight-Prefix.pch";
				INFOPLIST_FILE = "FlashLight/FlashLight-Info.plist";
				PRODUCT_NAME = "$(TARGET_NAME)";
				WRAPPER_EXTENSION = app;
			};
			name = Release;
		};
		0ADA04DF170AAF5600DD5E99 /* Debug */ = {
			isa = XCBuildConfiguration;
			buildSettings = {
				BUNDLE_LOADER = "$(BUILT_PRODUCTS_DIR)/FlashLight.app/FlashLight";
				FRAMEWORK_SEARCH_PATHS = (
					"\"$(SDKROOT)/Developer/Library/Frameworks\"",
					"\"$(DEVELOPER_LIBRARY_DIR)/Frameworks\"",
				);
				GCC_PRECOMPILE_PREFIX_HEADER = YES;
				GCC_PREFIX_HEADER = "FlashLight/FlashLight-Prefix.pch";
				INFOPLIST_FILE = "FlashLightTests/FlashLightTests-Info.plist";
				PRODUCT_NAME = "$(TARGET_NAME)";
				TEST_HOST = "$(BUNDLE_LOADER)";
				WRAPPER_EXTENSION = octest;
			};
			name = Debug;
		};
		0ADA04E0170AAF5600DD5E99 /* Release */ = {
			isa = XCBuildConfiguration;
			buildSettings = {
				BUNDLE_LOADER = "$(BUILT_PRODUCTS_DIR)/FlashLight.app/FlashLight";
				FRAMEWORK_SEARCH_PATHS = (
					"\"$(SDKROOT)/Developer/Library/Frameworks\"",
					"\"$(DEVELOPER_LIBRARY_DIR)/Frameworks\"",
				);
				GCC_PRECOMPILE_PREFIX_HEADER = YES;
				GCC_PREFIX_HEADER = "FlashLight/FlashLight-Prefix.pch";
				INFOPLIST_FILE = "FlashLightTests/FlashLightTests-Info.plist";
				PRODUCT_NAME = "$(TARGET_NAME)";
				TEST_HOST = "$(BUNDLE_LOADER)";
				WRAPPER_EXTENSION = octest;
			};
			name = Release;
		};
/* End XCBuildConfiguration section */

/* Begin XCConfigurationList section */
		0ADA04A2170AAF5500DD5E99 /* Build configuration list for PBXProject "FlashLight" */ = {
			isa = XCConfigurationList;
			buildConfigurations = (
				0ADA04D9170AAF5600DD5E99 /* Debug */,
				0ADA04DA170AAF5600DD5E99 /* Release */,
			);
			defaultConfigurationIsVisible = 0;
			defaultConfigurationName = Release;
		};
		0ADA04DB170AAF5600DD5E99 /* Build configuration list for PBXNativeTarget "FlashLight" */ = {
			isa = XCConfigurationList;
			buildConfigurations = (
				0ADA04DC170AAF5600DD5E99 /* Debug */,
				0ADA04DD170AAF5600DD5E99 /* Release */,
			);
			defaultConfigurationIsVisible = 0;
		};
		0ADA04DE170AAF5600DD5E99 /* Build configuration list for PBXNativeTarget "FlashLightTests" */ = {
			isa = XCConfigurationList;
			buildConfigurations = (
				0ADA04DF170AAF5600DD5E99 /* Debug */,
				0ADA04E0170AAF5600DD5E99 /* Release */,
			);
			defaultConfigurationIsVisible = 0;
		};
/* End XCConfigurationList section */
	};
	rootObject = 0ADA049F170AAF5500DD5E99 /* Project object */;
}
